
Microsoft Visual Studio Solution File, Format Version 12.00
# Visual Studio Version 17
VisualStudioVersion = 17.0.31903.59
MinimumVisualStudioVersion = 10.0.40219.1
Project("{2150E333-8FDC-42A3-9474-1A3956D46DE8}") = "Tests", "Tests", "{0AB3BF05-4346-4AA6-1389-037BE0695223}"
EndProject
Project("{FAE04EC0-301F-11D3-BF4B-00C04F79EFBC}") = "MapGenerationViewer", "Tests\MapGenerationViewer\MapGenerationViewer.csproj", "{2F850729-BE3C-4BB6-9781-71204E745833}"
EndProject
Project("{FAE04EC0-301F-11D3-BF4B-00C04F79EFBC}") = "Core.Test", "Tests\Core.Test\Core.Test.csproj", "{B5269618-3B2C-4A4D-AAFE-8B085283906A}"
EndProject
Global
	GlobalSection(SolutionConfigurationPlatforms) = preSolution
		Debug|Any CPU = Debug|Any CPU
		Debug|x64 = Debug|x64
		Debug|x86 = Debug|x86
		Release|Any CPU = Release|Any CPU
		Release|x64 = Release|x64
		Release|x86 = Release|x86
	EndGlobalSection
	GlobalSection(ProjectConfigurationPlatforms) = postSolution
		{2F850729-BE3C-4BB6-9781-71204E745833}.Debug|Any CPU.ActiveCfg = Debug|Any CPU
		{2F850729-BE3C-4BB6-9781-71204E745833}.Debug|Any CPU.Build.0 = Debug|Any CPU
		{2F850729-BE3C-4BB6-9781-71204E745833}.Debug|x64.ActiveCfg = Debug|Any CPU
		{2F850729-BE3C-4BB6-9781-71204E745833}.Debug|x64.Build.0 = Debug|Any CPU
		{2F850729-BE3C-4BB6-9781-71204E745833}.Debug|x86.ActiveCfg = Debug|Any CPU
		{2F850729-BE3C-4BB6-9781-71204E745833}.Debug|x86.Build.0 = Debug|Any CPU
		{2F850729-BE3C-4BB6-9781-71204E745833}.Release|Any CPU.ActiveCfg = Release|Any CPU
		{2F850729-BE3C-4BB6-9781-71204E745833}.Release|Any CPU.Build.0 = Release|Any CPU
		{2F850729-BE3C-4BB6-9781-71204E745833}.Release|x64.ActiveCfg = Release|Any CPU
		{2F850729-BE3C-4BB6-9781-71204E745833}.Release|x64.Build.0 = Release|Any CPU
		{2F850729-BE3C-4BB6-9781-71204E745833}.Release|x86.ActiveCfg = Release|Any CPU
		{2F850729-BE3C-4BB6-9781-71204E745833}.Release|x86.Build.0 = Release|Any CPU
		{B5269618-3B2C-4A4D-AAFE-8B085283906A}.Debug|Any CPU.ActiveCfg = Debug|Any CPU
		{B5269618-3B2C-4A4D-AAFE-8B085283906A}.Debug|Any CPU.Build.0 = Debug|Any CPU
		{B5269618-3B2C-4A4D-AAFE-8B085283906A}.Debug|x64.ActiveCfg = Debug|Any CPU
		{B5269618-3B2C-4A4D-AAFE-8B085283906A}.Debug|x64.Build.0 = Debug|Any CPU
		{B5269618-3B2C-4A4D-AAFE-8B085283906A}.Debug|x86.ActiveCfg = Debug|Any CPU
		{B5269618-3B2C-4A4D-AAFE-8B085283906A}.Debug|x86.Build.0 = Debug|Any CPU
		{B5269618-3B2C-4A4D-AAFE-8B085283906A}.Release|Any CPU.ActiveCfg = Release|Any CPU
		{B5269618-3B2C-4A4D-AAFE-8B085283906A}.Release|Any CPU.Build.0 = Release|Any CPU
		{B5269618-3B2C-4A4D-AAFE-8B085283906A}.Release|x64.ActiveCfg = Release|Any CPU
		{B5269618-3B2C-4A4D-AAFE-8B085283906A}.Release|x64.Build.0 = Release|Any CPU
		{B5269618-3B2C-4A4D-AAFE-8B085283906A}.Release|x86.ActiveCfg = Release|Any CPU
		{B5269618-3B2C-4A4D-AAFE-8B085283906A}.Release|x86.Build.0 = Release|Any CPU
	EndGlobalSection
	GlobalSection(SolutionProperties) = preSolution
		HideSolutionNode = FALSE
	EndGlobalSection
	GlobalSection(NestedProjects) = preSolution
		{2F850729-BE3C-4BB6-9781-71204E745833} = {0AB3BF05-4346-4AA6-1389-037BE0695223}
		{B5269618-3B2C-4A4D-AAFE-8B085283906A} = {0AB3BF05-4346-4AA6-1389-037BE0695223}
	EndGlobalSection
EndGlobal
